
Microsoft Visual Studio Solution File, Format Version 12.00
# Visual Studio 15
Project("{FAE04EC0-301F-11D3-BF4B-00C04F79EFBC}") = "cbtest", "cbtest\cbtest.csproj", "{3C4F65D5-9C8B-4039-B086-E23C15737947}"
EndProject
Project("{FAE04EC0-301F-11D3-BF4B-00C04F79EFBC}") = "cbtesttest", "cbtesttest\cbtesttest.csproj", "{09029CEC-2C4F-4C8B-AE50-E3463CCFE524}"
EndProject
Global
	GlobalSection(SolutionConfigurationPlatforms) = preSolution
		Debug|Any CPU = Debug|Any CPU
		Release|Any CPU = Release|Any CPU
	EndGlobalSection
	GlobalSection(ProjectConfigurationPlatforms) = postSolution
		{3C4F65D5-9C8B-4039-B086-E23C15737947}.Debug|Any CPU.ActiveCfg = Debug|Any CPU
		{3C4F65D5-9C8B-4039-B086-E23C15737947}.Debug|Any CPU.Build.0 = Debug|Any CPU
		{3C4F65D5-9C8B-4039-B086-E23C15737947}.Release|Any CPU.ActiveCfg = Release|Any CPU
		{3C4F65D5-9C8B-4039-B086-E23C15737947}.Release|Any CPU.Build.0 = Release|Any CPU
		{09029CEC-2C4F-4C8B-AE50-E3463CCFE524}.Debug|Any CPU.ActiveCfg = Debug|Any CPU
		{09029CEC-2C4F-4C8B-AE50-E3463CCFE524}.Debug|Any CPU.Build.0 = Debug|Any CPU
		{09029CEC-2C4F-4C8B-AE50-E3463CCFE524}.Release|Any CPU.ActiveCfg = Release|Any CPU
		{09029CEC-2C4F-4C8B-AE50-E3463CCFE524}.Release|Any CPU.Build.0 = Release|Any CPU
	EndGlobalSection
EndGlobal
